
Microsoft Visual Studio Solution File, Format Version 12.00
# Visual Studio 15
VisualStudioVersion = 15.0.28307.136
MinimumVisualStudioVersion = 10.0.40219.1
Project("{FAE04EC0-301F-11D3-BF4B-00C04F79EFBC}") = "ChannelAdvisorDeveloperAuth", "ChannelAdvisorDeveloperAuth\ChannelAdvisorDeveloperAuth.csproj", "{B535511F-B442-45B2-8E1F-4EB1B3F99182}"
EndProject
Global
	GlobalSection(SolutionConfigurationPlatforms) = preSolution
		Debug|Any CPU = Debug|Any CPU
		Release|Any CPU = Release|Any CPU
	EndGlobalSection
	GlobalSection(ProjectConfigurationPlatforms) = postSolution
		{B535511F-B442-45B2-8E1F-4EB1B3F99182}.Debug|Any CPU.ActiveCfg = Debug|Any CPU
		{B535511F-B442-45B2-8E1F-4EB1B3F99182}.Debug|Any CPU.Build.0 = Debug|Any CPU
		{B535511F-B442-45B2-8E1F-4EB1B3F99182}.Release|Any CPU.ActiveCfg = Release|Any CPU
		{B535511F-B442-45B2-8E1F-4EB1B3F99182}.Release|Any CPU.Build.0 = Release|Any CPU
	EndGlobalSection
	GlobalSection(SolutionProperties) = preSolution
		HideSolutionNode = FALSE
	EndGlobalSection
	GlobalSection(ExtensibilityGlobals) = postSolution
		SolutionGuid = {A47F261F-8E38-403D-A7F6-8A696BD091C0}
	EndGlobalSection
EndGlobal
